{
    "_readme": [
        "This file locks the dependencies of your project to a known state",
        "Read more about it at https://getcomposer.org/doc/01-basic-usage.md#installing-dependencies",
        "This file is @generated automatically"
    ],
    "content-hash": "ea5fd115c47e8f1802516ff89e0d51ca",
    "packages": [
        {
            "name": "skillshare/apollo-federation-php",
            "version": "dev-master",
            "source": {
                "type": "git",
                "url": "https://github.com/Skillshare/apollo-federation-php.git",
                "reference": "61772cc"
            },
            "dist": {
                "type": "zip",
                "url": "https://api.github.com/repos/Skillshare/apollo-federation-php/zipball/61772cc",
                "reference": "61772cc",
                "shasum": ""
            },
            "require": {
                "php": "^7.1||^8.0",
                "webonyx/graphql-php": "^0.13.8 || ^14.0"
            },
            "require-dev": {
                "phpunit/phpunit": "^8.4",
                "psr/http-message": "^1.0",
                "react/promise": "^2.7",
                "spatie/phpunit-snapshot-assertions": "^4.2"
            },
            "default-branch": true,
            "type": "library",
            "autoload": {
                "psr-4": {
                    "Apollo\\Federation\\": "src/"
                }
            },
            "autoload-dev": {
                "psr-4": {
                    "Apollo\\Federation\\Tests\\": "test/"
                }
            },
            "scripts": {
                "test": [
                    "phpunit"
                ],
                "sync": [
                    "yarn install && composer update"
                ],
                "commit": [
                    "yarn commit"
                ]
            },
            "license": [
                "MIT"
            ],
            "description": "A PHP port of the Apollo Federation specification.",
            "support": {
                "source": "https://github.com/Skillshare/apollo-federation-php/tree/master",
                "issues": "https://github.com/Skillshare/apollo-federation-php/issues"
            },
            "time": "2021-10-12T14:38:12+00:00"
        },
        {
            "name": "webonyx/graphql-php",
            "version": "v14.9.0",
            "source": {
                "type": "git",
                "url": "https://github.com/webonyx/graphql-php.git",
                "reference": "36b83621deb5eae354347a2e86dc7aec81b32a82"
            },
            "dist": {
                "type": "zip",
                "url": "https://api.github.com/repos/webonyx/graphql-php/zipball/36b83621deb5eae354347a2e86dc7aec81b32a82",
                "reference": "36b83621deb5eae354347a2e86dc7aec81b32a82",
                "shasum": ""
            },
            "require": {
                "ext-json": "*",
                "ext-mbstring": "*",
                "php": "^7.1||^8.0"
            },
            "require-dev": {
                "amphp/amp": "^2.3",
                "doctrine/coding-standard": "^6.0",
                "nyholm/psr7": "^1.2",
                "phpbench/phpbench": "^0.16.10",
                "phpstan/extension-installer": "^1.0",
                "phpstan/phpstan": "0.12.82",
                "phpstan/phpstan-phpunit": "0.12.18",
                "phpstan/phpstan-strict-rules": "0.12.9",
                "phpunit/phpunit": "^7.2|^8.5",
                "psr/http-message": "^1.0",
                "react/promise": "2.*",
                "simpod/php-coveralls-mirror": "^3.0",
                "squizlabs/php_codesniffer": "3.5.4"
            },
            "suggest": {
                "psr/http-message": "To use standard GraphQL server",
                "react/promise": "To leverage async resolving on React PHP platform"
            },
            "type": "library",
            "autoload": {
                "psr-4": {
                    "GraphQL\\": "src/"
                }
            },
            "notification-url": "https://packagist.org/downloads/",
            "license": [
                "MIT"
            ],
            "description": "A PHP port of GraphQL reference implementation",
            "homepage": "https://github.com/webonyx/graphql-php",
            "keywords": [
                "api",
                "graphql"
            ],
            "support": {
                "issues": "https://github.com/webonyx/graphql-php/issues",
                "source": "https://github.com/webonyx/graphql-php/tree/v14.9.0"
            },
            "funding": [
                {
                    "url": "https://opencollective.com/webonyx-graphql-php",
                    "type": "open_collective"
                }
            ],
            "time": "2021-06-15T16:14:17+00:00"
        }
    ],
    "packages-dev": [],
    "aliases": [],
    "minimum-stability": "dev",
    "stability-flags": {
        "webonyx/graphql-php": 0,
        "skillshare/apollo-federation-php": 20
    },
    "prefer-stable": false,
    "prefer-lowest": false,
    "platform": [],
    "platform-dev": [],
    "plugin-api-version": "2.1.0"
}
